
Microsoft Visual Studio Solution File, Format Version 12.00
Project("{FAE04EC0-301F-11D3-BF4B-00C04F79EFBC}") = "BoolSolver", "BoolSolver.csproj", "{956C4275-7562-4649-BEC5-2B3458C5FAEC}"
EndProject
Global
	GlobalSection(SolutionConfigurationPlatforms) = preSolution
		Debug|Any CPU = Debug|Any CPU
		Release|Any CPU = Release|Any CPU
	EndGlobalSection
	GlobalSection(ProjectConfigurationPlatforms) = postSolution
		{956C4275-7562-4649-BEC5-2B3458C5FAEC}.Debug|Any CPU.ActiveCfg = Debug|Any CPU
		{956C4275-7562-4649-BEC5-2B3458C5FAEC}.Debug|Any CPU.Build.0 = Debug|Any CPU
		{956C4275-7562-4649-BEC5-2B3458C5FAEC}.Release|Any CPU.ActiveCfg = Release|Any CPU
		{956C4275-7562-4649-BEC5-2B3458C5FAEC}.Release|Any CPU.Build.0 = Release|Any CPU
	EndGlobalSection
EndGlobal
